
Microsoft Visual Studio Solution File, Format Version 12.00
# Visual Studio Version 17
VisualStudioVersion = 17.12.35707.178
MinimumVisualStudioVersion = 10.0.40219.1
Project("{FAE04EC0-301F-11D3-BF4B-00C04F79EFBC}") = "MySocial.Domain", "MySocial.Domain\MySocial.Domain.csproj", "{676E1D16-02C8-42F9-98A2-7F224CBA964C}"
EndProject
Project("{FAE04EC0-301F-11D3-BF4B-00C04F79EFBC}") = "MySocial.Application", "MySocial.Application\MySocial.Application.csproj", "{1EF97ECE-0476-447A-9D9F-84D502245BB6}"
EndProject
Project("{FAE04EC0-301F-11D3-BF4B-00C04F79EFBC}") = "MySocial.Infrastructure", "MySocial.Infrastructure\MySocial.Infrastructure.csproj", "{BD045E6E-4201-42BA-A3BA-654876620242}"
EndProject
Project("{FAE04EC0-301F-11D3-BF4B-00C04F79EFBC}") = "MySocial.WebUI", "MySocial.WebUI\MySocial.WebUI.csproj", "{4E108D0D-27F1-4DC5-B93A-A66AB33730DE}"
EndProject
Project("{FAE04EC0-301F-11D3-BF4B-00C04F79EFBC}") = "MySocial.WebAPI", "MySocial.WebAPI\MySocial.WebAPI.csproj", "{B49E37BE-CD0D-4653-8DC4-FBDA31F9BCB2}"
EndProject
Global
	GlobalSection(SolutionConfigurationPlatforms) = preSolution
		Debug|Any CPU = Debug|Any CPU
		Release|Any CPU = Release|Any CPU
	EndGlobalSection
	GlobalSection(ProjectConfigurationPlatforms) = postSolution
		{676E1D16-02C8-42F9-98A2-7F224CBA964C}.Debug|Any CPU.ActiveCfg = Debug|Any CPU
		{676E1D16-02C8-42F9-98A2-7F224CBA964C}.Debug|Any CPU.Build.0 = Debug|Any CPU
		{676E1D16-02C8-42F9-98A2-7F224CBA964C}.Release|Any CPU.ActiveCfg = Release|Any CPU
		{676E1D16-02C8-42F9-98A2-7F224CBA964C}.Release|Any CPU.Build.0 = Release|Any CPU
		{1EF97ECE-0476-447A-9D9F-84D502245BB6}.Debug|Any CPU.ActiveCfg = Debug|Any CPU
		{1EF97ECE-0476-447A-9D9F-84D502245BB6}.Debug|Any CPU.Build.0 = Debug|Any CPU
		{1EF97ECE-0476-447A-9D9F-84D502245BB6}.Release|Any CPU.ActiveCfg = Release|Any CPU
		{1EF97ECE-0476-447A-9D9F-84D502245BB6}.Release|Any CPU.Build.0 = Release|Any CPU
		{BD045E6E-4201-42BA-A3BA-654876620242}.Debug|Any CPU.ActiveCfg = Debug|Any CPU
		{BD045E6E-4201-42BA-A3BA-654876620242}.Debug|Any CPU.Build.0 = Debug|Any CPU
		{BD045E6E-4201-42BA-A3BA-654876620242}.Release|Any CPU.ActiveCfg = Release|Any CPU
		{BD045E6E-4201-42BA-A3BA-654876620242}.Release|Any CPU.Build.0 = Release|Any CPU
		{4E108D0D-27F1-4DC5-B93A-A66AB33730DE}.Debug|Any CPU.ActiveCfg = Debug|Any CPU
		{4E108D0D-27F1-4DC5-B93A-A66AB33730DE}.Debug|Any CPU.Build.0 = Debug|Any CPU
		{4E108D0D-27F1-4DC5-B93A-A66AB33730DE}.Release|Any CPU.ActiveCfg = Release|Any CPU
		{4E108D0D-27F1-4DC5-B93A-A66AB33730DE}.Release|Any CPU.Build.0 = Release|Any CPU
		{B49E37BE-CD0D-4653-8DC4-FBDA31F9BCB2}.Debug|Any CPU.ActiveCfg = Debug|Any CPU
		{B49E37BE-CD0D-4653-8DC4-FBDA31F9BCB2}.Debug|Any CPU.Build.0 = Debug|Any CPU
		{B49E37BE-CD0D-4653-8DC4-FBDA31F9BCB2}.Release|Any CPU.ActiveCfg = Release|Any CPU
		{B49E37BE-CD0D-4653-8DC4-FBDA31F9BCB2}.Release|Any CPU.Build.0 = Release|Any CPU
	EndGlobalSection
	GlobalSection(SolutionProperties) = preSolution
		HideSolutionNode = FALSE
	EndGlobalSection
EndGlobal
